// !$*UTF8*$!
{
	archiveVersion = 1;
	classes = {
	};
	objectVersion = 50;
	objects = {

/* Begin PBXBuildFile section */
		D81F291422BF081F00244514 /* AppDelegate.swift in Sources */ = {isa = PBXBuildFile; fileRef = D81F291322BF081F00244514 /* AppDelegate.swift */; };
		D81F291622BF081F00244514 /* ViewController.swift in Sources */ = {isa = PBXBuildFile; fileRef = D81F291522BF081F00244514 /* ViewController.swift */; };
		D81F291B22BF082000244514 /* Assets.xcassets in Resources */ = {isa = PBXBuildFile; fileRef = D81F291A22BF082000244514 /* Assets.xcassets */; };
		D81F291E22BF082000244514 /* LaunchScreen.storyboard in Resources */ = {isa = PBXBuildFile; fileRef = D81F291C22BF082000244514 /* LaunchScreen.storyboard */; };
		D81F292922BF082000244514 /* MyTasksTests.swift in Sources */ = {isa = PBXBuildFile; fileRef = D81F292822BF082000244514 /* MyTasksTests.swift */; };
		D81F293A22BF132A00244514 /* PureLayout.framework in Frameworks */ = {isa = PBXBuildFile; fileRef = D81F293922BF132A00244514 /* PureLayout.framework */; };
		D81F293C22BF152300244514 /* Succinct.framework in Frameworks */ = {isa = PBXBuildFile; fileRef = D81F293B22BF152300244514 /* Succinct.framework */; };
		D81F293E22BF152F00244514 /* Quick.framework in Frameworks */ = {isa = PBXBuildFile; fileRef = D81F293D22BF152F00244514 /* Quick.framework */; };
		D81F294022BF153C00244514 /* Nimble.framework in Frameworks */ = {isa = PBXBuildFile; fileRef = D81F293F22BF153C00244514 /* Nimble.framework */; };
		D81F294222BF158300244514 /* Nimble.framework in CopyFiles */ = {isa = PBXBuildFile; fileRef = D81F293F22BF153C00244514 /* Nimble.framework */; settings = {ATTRIBUTES = (CodeSignOnCopy, RemoveHeadersOnCopy, ); }; };
		D81F294322BF158300244514 /* Quick.framework in CopyFiles */ = {isa = PBXBuildFile; fileRef = D81F293D22BF152F00244514 /* Quick.framework */; settings = {ATTRIBUTES = (CodeSignOnCopy, RemoveHeadersOnCopy, ); }; };
		D81F294422BF158300244514 /* Succinct.framework in CopyFiles */ = {isa = PBXBuildFile; fileRef = D81F293B22BF152300244514 /* Succinct.framework */; settings = {ATTRIBUTES = (CodeSignOnCopy, RemoveHeadersOnCopy, ); }; };
		D81F294622BF16EA00244514 /* main.swift in Sources */ = {isa = PBXBuildFile; fileRef = D81F294522BF16EA00244514 /* main.swift */; };
		D8308D4D22DC62B600F2B117 /* Task+CoreDataClass.swift in Sources */ = {isa = PBXBuildFile; fileRef = D8308D4B22DC62B600F2B117 /* Task+CoreDataClass.swift */; };
		D8308D4E22DC62B600F2B117 /* Task+CoreDataProperties.swift in Sources */ = {isa = PBXBuildFile; fileRef = D8308D4C22DC62B600F2B117 /* Task+CoreDataProperties.swift */; };
		D8EED41722D9B1290037B997 /* MyTasks.xcdatamodeld in Sources */ = {isa = PBXBuildFile; fileRef = D8EED41522D9B1290037B997 /* MyTasks.xcdatamodeld */; };
/* End PBXBuildFile section */

/* Begin PBXContainerItemProxy section */
		D81F292522BF082000244514 /* PBXContainerItemProxy */ = {
			isa = PBXContainerItemProxy;
			containerPortal = D81F290822BF081F00244514 /* Project object */;
			proxyType = 1;
			remoteGlobalIDString = D81F290F22BF081F00244514;
			remoteInfo = MyTasks;
		};
/* End PBXContainerItemProxy section */

/* Begin PBXCopyFilesBuildPhase section */
		D81F294122BF157200244514 /* CopyFiles */ = {
			isa = PBXCopyFilesBuildPhase;
			buildActionMask = 2147483647;
			dstPath = "";
			dstSubfolderSpec = 10;
			files = (
				D81F294222BF158300244514 /* Nimble.framework in CopyFiles */,
				D81F294322BF158300244514 /* Quick.framework in CopyFiles */,
				D81F294422BF158300244514 /* Succinct.framework in CopyFiles */,
			);
			runOnlyForDeploymentPostprocessing = 0;
		};
/* End PBXCopyFilesBuildPhase section */

/* Begin PBXFileReference section */
		D81F291022BF081F00244514 /* MyTasks.app */ = {isa = PBXFileReference; explicitFileType = wrapper.application; includeInIndex = 0; path = MyTasks.app; sourceTree = BUILT_PRODUCTS_DIR; };
		D81F291322BF081F00244514 /* AppDelegate.swift */ = {isa = PBXFileReference; lastKnownFileType = sourcecode.swift; path = AppDelegate.swift; sourceTree = "<group>"; };
		D81F291522BF081F00244514 /* ViewController.swift */ = {isa = PBXFileReference; lastKnownFileType = sourcecode.swift; path = ViewController.swift; sourceTree = "<group>"; };
		D81F291A22BF082000244514 /* Assets.xcassets */ = {isa = PBXFileReference; lastKnownFileType = folder.assetcatalog; path = Assets.xcassets; sourceTree = "<group>"; };
		D81F291D22BF082000244514 /* Base */ = {isa = PBXFileReference; lastKnownFileType = file.storyboard; name = Base; path = Base.lproj/LaunchScreen.storyboard; sourceTree = "<group>"; };
		D81F291F22BF082000244514 /* Info.plist */ = {isa = PBXFileReference; lastKnownFileType = text.plist.xml; path = Info.plist; sourceTree = "<group>"; };
		D81F292422BF082000244514 /* MyTasksTests.xctest */ = {isa = PBXFileReference; explicitFileType = wrapper.cfbundle; includeInIndex = 0; path = MyTasksTests.xctest; sourceTree = BUILT_PRODUCTS_DIR; };
		D81F292822BF082000244514 /* MyTasksTests.swift */ = {isa = PBXFileReference; lastKnownFileType = sourcecode.swift; path = MyTasksTests.swift; sourceTree = "<group>"; };
		D81F292A22BF082000244514 /* Info.plist */ = {isa = PBXFileReference; lastKnownFileType = text.plist.xml; path = Info.plist; sourceTree = "<group>"; };
		D81F293922BF132A00244514 /* PureLayout.framework */ = {isa = PBXFileReference; lastKnownFileType = wrapper.framework; name = PureLayout.framework; path = Carthage/Build/iOS/PureLayout.framework; sourceTree = "<group>"; };
		D81F293B22BF152300244514 /* Succinct.framework */ = {isa = PBXFileReference; lastKnownFileType = wrapper.framework; name = Succinct.framework; path = Carthage/Build/iOS/Succinct.framework; sourceTree = "<group>"; };
		D81F293D22BF152F00244514 /* Quick.framework */ = {isa = PBXFileReference; lastKnownFileType = wrapper.framework; name = Quick.framework; path = Carthage/Build/iOS/Quick.framework; sourceTree = "<group>"; };
		D81F293F22BF153C00244514 /* Nimble.framework */ = {isa = PBXFileReference; lastKnownFileType = wrapper.framework; name = Nimble.framework; path = Carthage/Build/iOS/Nimble.framework; sourceTree = "<group>"; };
		D81F294522BF16EA00244514 /* main.swift */ = {isa = PBXFileReference; lastKnownFileType = sourcecode.swift; path = main.swift; sourceTree = "<group>"; };
		D8308D4B22DC62B600F2B117 /* Task+CoreDataClass.swift */ = {isa = PBXFileReference; lastKnownFileType = sourcecode.swift; name = "Task+CoreDataClass.swift"; path = "MyTasks/Task+CoreDataClass.swift"; sourceTree = "<group>"; };
		D8308D4C22DC62B600F2B117 /* Task+CoreDataProperties.swift */ = {isa = PBXFileReference; lastKnownFileType = sourcecode.swift; name = "Task+CoreDataProperties.swift"; path = "MyTasks/Task+CoreDataProperties.swift"; sourceTree = "<group>"; };
		D8EED41622D9B1290037B997 /* task.xcdatamodel */ = {isa = PBXFileReference; lastKnownFileType = wrapper.xcdatamodel; path = task.xcdatamodel; sourceTree = "<group>"; };
/* End PBXFileReference section */

/* Begin PBXFrameworksBuildPhase section */
		D81F290D22BF081F00244514 /* Frameworks */ = {
			isa = PBXFrameworksBuildPhase;
			buildActionMask = 2147483647;
			files = (
				D81F293A22BF132A00244514 /* PureLayout.framework in Frameworks */,
			);
			runOnlyForDeploymentPostprocessing = 0;
		};
		D81F292122BF082000244514 /* Frameworks */ = {
			isa = PBXFrameworksBuildPhase;
			buildActionMask = 2147483647;
			files = (
				D81F294022BF153C00244514 /* Nimble.framework in Frameworks */,
				D81F293E22BF152F00244514 /* Quick.framework in Frameworks */,
				D81F293C22BF152300244514 /* Succinct.framework in Frameworks */,
			);
			runOnlyForDeploymentPostprocessing = 0;
		};
/* End PBXFrameworksBuildPhase section */

/* Begin PBXGroup section */
		D81F290722BF081F00244514 = {
			isa = PBXGroup;
			children = (
				D8308D4B22DC62B600F2B117 /* Task+CoreDataClass.swift */,
				D8308D4C22DC62B600F2B117 /* Task+CoreDataProperties.swift */,
				D8EED41522D9B1290037B997 /* MyTasks.xcdatamodeld */,
				D81F291222BF081F00244514 /* MyTasks */,
				D81F292722BF082000244514 /* MyTasksTests */,
				D81F291122BF081F00244514 /* Products */,
				D81F293322BF0B4000244514 /* Frameworks */,
			);
			sourceTree = "<group>";
		};
		D81F291122BF081F00244514 /* Products */ = {
			isa = PBXGroup;
			children = (
				D81F291022BF081F00244514 /* MyTasks.app */,
				D81F292422BF082000244514 /* MyTasksTests.xctest */,
			);
			name = Products;
			sourceTree = "<group>";
		};
		D81F291222BF081F00244514 /* MyTasks */ = {
			isa = PBXGroup;
			children = (
				D81F291322BF081F00244514 /* AppDelegate.swift */,
				D81F291522BF081F00244514 /* ViewController.swift */,
				D81F291A22BF082000244514 /* Assets.xcassets */,
				D81F291C22BF082000244514 /* LaunchScreen.storyboard */,
				D81F291F22BF082000244514 /* Info.plist */,
				D81F294522BF16EA00244514 /* main.swift */,
			);
			path = MyTasks;
			sourceTree = "<group>";
		};
		D81F292722BF082000244514 /* MyTasksTests */ = {
			isa = PBXGroup;
			children = (
				D81F292822BF082000244514 /* MyTasksTests.swift */,
				D81F292A22BF082000244514 /* Info.plist */,
			);
			path = MyTasksTests;
			sourceTree = "<group>";
		};
		D81F293322BF0B4000244514 /* Frameworks */ = {
			isa = PBXGroup;
			children = (
				D81F293F22BF153C00244514 /* Nimble.framework */,
				D81F293D22BF152F00244514 /* Quick.framework */,
				D81F293B22BF152300244514 /* Succinct.framework */,
				D81F293922BF132A00244514 /* PureLayout.framework */,
			);
			name = Frameworks;
			sourceTree = "<group>";
		};
/* End PBXGroup section */

/* Begin PBXNativeTarget section */
		D81F290F22BF081F00244514 /* MyTasks */ = {
			isa = PBXNativeTarget;
			buildConfigurationList = D81F292D22BF082000244514 /* Build configuration list for PBXNativeTarget "MyTasks" */;
			buildPhases = (
				D81F290C22BF081F00244514 /* Sources */,
				D81F290D22BF081F00244514 /* Frameworks */,
				D81F290E22BF081F00244514 /* Resources */,
				D81F293622BF0B7F00244514 /* ShellScript */,
			);
			buildRules = (
			);
			dependencies = (
			);
			name = MyTasks;
			productName = MyTasks;
			productReference = D81F291022BF081F00244514 /* MyTasks.app */;
			productType = "com.apple.product-type.application";
		};
		D81F292322BF082000244514 /* MyTasksTests */ = {
			isa = PBXNativeTarget;
			buildConfigurationList = D81F293022BF082000244514 /* Build configuration list for PBXNativeTarget "MyTasksTests" */;
			buildPhases = (
				D81F292022BF082000244514 /* Sources */,
				D81F292122BF082000244514 /* Frameworks */,
				D81F292222BF082000244514 /* Resources */,
				D81F294122BF157200244514 /* CopyFiles */,
			);
			buildRules = (
			);
			dependencies = (
				D81F292622BF082000244514 /* PBXTargetDependency */,
			);
			name = MyTasksTests;
			productName = MyTasksTests;
			productReference = D81F292422BF082000244514 /* MyTasksTests.xctest */;
			productType = "com.apple.product-type.bundle.unit-test";
		};
/* End PBXNativeTarget section */

/* Begin PBXProject section */
		D81F290822BF081F00244514 /* Project object */ = {
			isa = PBXProject;
			attributes = {
				LastSwiftUpdateCheck = 1020;
				LastUpgradeCheck = 1020;
				ORGANIZATIONNAME = "Obata Yoshikazu";
				TargetAttributes = {
					D81F290F22BF081F00244514 = {
						CreatedOnToolsVersion = 10.2.1;
					};
					D81F292322BF082000244514 = {
						CreatedOnToolsVersion = 10.2.1;
						TestTargetID = D81F290F22BF081F00244514;
					};
				};
			};
			buildConfigurationList = D81F290B22BF081F00244514 /* Build configuration list for PBXProject "MyTasks" */;
			compatibilityVersion = "Xcode 9.3";
			developmentRegion = en;
			hasScannedForEncodings = 0;
			knownRegions = (
				en,
				Base,
			);
			mainGroup = D81F290722BF081F00244514;
			productRefGroup = D81F291122BF081F00244514 /* Products */;
			projectDirPath = "";
			projectRoot = "";
			targets = (
				D81F290F22BF081F00244514 /* MyTasks */,
				D81F292322BF082000244514 /* MyTasksTests */,
			);
		};
/* End PBXProject section */

/* Begin PBXResourcesBuildPhase section */
		D81F290E22BF081F00244514 /* Resources */ = {
			isa = PBXResourcesBuildPhase;
			buildActionMask = 2147483647;
			files = (
				D81F291E22BF082000244514 /* LaunchScreen.storyboard in Resources */,
				D81F291B22BF082000244514 /* Assets.xcassets in Resources */,
			);
			runOnlyForDeploymentPostprocessing = 0;
		};
		D81F292222BF082000244514 /* Resources */ = {
			isa = PBXResourcesBuildPhase;
			buildActionMask = 2147483647;
			files = (
			);
			runOnlyForDeploymentPostprocessing = 0;
		};
/* End PBXResourcesBuildPhase section */

/* Begin PBXShellScriptBuildPhase section */
		D81F293622BF0B7F00244514 /* ShellScript */ = {
			isa = PBXShellScriptBuildPhase;
			buildActionMask = 2147483647;
			files = (
			);
			inputFileListPaths = (
			);
			inputPaths = (
				"$(SRCROOT)/Carthage/Build/iOS/PureLayout.framework",
			);
			outputFileListPaths = (
			);
			outputPaths = (
			);
			runOnlyForDeploymentPostprocessing = 0;
			shellPath = /bin/sh;
			shellScript = "# Type a script or drag a script file from your workspace to insert its path.\n/usr/local/bin/carthage copy-frameworks\n";
		};
/* End PBXShellScriptBuildPhase section */

/* Begin PBXSourcesBuildPhase section */
		D81F290C22BF081F00244514 /* Sources */ = {
			isa = PBXSourcesBuildPhase;
			buildActionMask = 2147483647;
			files = (
				D8EED41722D9B1290037B997 /* MyTasks.xcdatamodeld in Sources */,
				D8308D4D22DC62B600F2B117 /* Task+CoreDataClass.swift in Sources */,
				D81F291622BF081F00244514 /* ViewController.swift in Sources */,
				D81F291422BF081F00244514 /* AppDelegate.swift in Sources */,
				D8308D4E22DC62B600F2B117 /* Task+CoreDataProperties.swift in Sources */,
				D81F294622BF16EA00244514 /* main.swift in Sources */,
			);
			runOnlyForDeploymentPostprocessing = 0;
		};
		D81F292022BF082000244514 /* Sources */ = {
			isa = PBXSourcesBuildPhase;
			buildActionMask = 2147483647;
			files = (
				D81F292922BF082000244514 /* MyTasksTests.swift in Sources */,
			);
			runOnlyForDeploymentPostprocessing = 0;
		};
/* End PBXSourcesBuildPhase section */

/* Begin PBXTargetDependency section */
		D81F292622BF082000244514 /* PBXTargetDependency */ = {
			isa = PBXTargetDependency;
			target = D81F290F22BF081F00244514 /* MyTasks */;
			targetProxy = D81F292522BF082000244514 /* PBXContainerItemProxy */;
		};
/* End PBXTargetDependency section */

/* Begin PBXVariantGroup section */
		D81F291C22BF082000244514 /* LaunchScreen.storyboard */ = {
			isa = PBXVariantGroup;
			children = (
				D81F291D22BF082000244514 /* Base */,
			);
			name = LaunchScreen.storyboard;
			sourceTree = "<group>";
		};
/* End PBXVariantGroup section */

/* Begin XCBuildConfiguration section */
		D81F292B22BF082000244514 /* Debug */ = {
			isa = XCBuildConfiguration;
			buildSettings = {
				ALWAYS_SEARCH_USER_PATHS = NO;
				CLANG_ANALYZER_NONNULL = YES;
				CLANG_ANALYZER_NUMBER_OBJECT_CONVERSION = YES_AGGRESSIVE;
				CLANG_CXX_LANGUAGE_STANDARD = "gnu++14";
				CLANG_CXX_LIBRARY = "libc++";
				CLANG_ENABLE_MODULES = YES;
				CLANG_ENABLE_OBJC_ARC = YES;
				CLANG_ENABLE_OBJC_WEAK = YES;
				CLANG_WARN_BLOCK_CAPTURE_AUTORELEASING = YES;
				CLANG_WARN_BOOL_CONVERSION = YES;
				CLANG_WARN_COMMA = YES;
				CLANG_WARN_CONSTANT_CONVERSION = YES;
				CLANG_WARN_DEPRECATED_OBJC_IMPLEMENTATIONS = YES;
				CLANG_WARN_DIRECT_OBJC_ISA_USAGE = YES_ERROR;
				CLANG_WARN_DOCUMENTATION_COMMENTS = YES;
				CLANG_WARN_EMPTY_BODY = YES;
				CLANG_WARN_ENUM_CONVERSION = YES;
				CLANG_WARN_INFINITE_RECURSION = YES;
				CLANG_WARN_INT_CONVERSION = YES;
				CLANG_WARN_NON_LITERAL_NULL_CONVERSION = YES;
				CLANG_WARN_OBJC_IMPLICIT_RETAIN_SELF = YES;
				CLANG_WARN_OBJC_LITERAL_CONVERSION = YES;
				CLANG_WARN_OBJC_ROOT_CLASS = YES_ERROR;
				CLANG_WARN_RANGE_LOOP_ANALYSIS = YES;
				CLANG_WARN_STRICT_PROTOTYPES = YES;
				CLANG_WARN_SUSPICIOUS_MOVE = YES;
				CLANG_WARN_UNGUARDED_AVAILABILITY = YES_AGGRESSIVE;
				CLANG_WARN_UNREACHABLE_CODE = YES;
				CLANG_WARN__DUPLICATE_METHOD_MATCH = YES;
				CODE_SIGN_IDENTITY = "iPhone Developer";
				COPY_PHASE_STRIP = NO;
				DEBUG_INFORMATION_FORMAT = dwarf;
				ENABLE_STRICT_OBJC_MSGSEND = YES;
				ENABLE_TESTABILITY = YES;
				GCC_C_LANGUAGE_STANDARD = gnu11;
				GCC_DYNAMIC_NO_PIC = NO;
				GCC_NO_COMMON_BLOCKS = YES;
				GCC_OPTIMIZATION_LEVEL = 0;
				GCC_PREPROCESSOR_DEFINITIONS = (
					"DEBUG=1",
					"$(inherited)",
				);
				GCC_WARN_64_TO_32_BIT_CONVERSION = YES;
				GCC_WARN_ABOUT_RETURN_TYPE = YES_ERROR;
				GCC_WARN_UNDECLARED_SELECTOR = YES;
				GCC_WARN_UNINITIALIZED_AUTOS = YES_AGGRESSIVE;
				GCC_WARN_UNUSED_FUNCTION = YES;
				GCC_WARN_UNUSED_VARIABLE = YES;
				IPHONEOS_DEPLOYMENT_TARGET = 12.2;
				MTL_ENABLE_DEBUG_INFO = INCLUDE_SOURCE;
				MTL_FAST_MATH = YES;
				ONLY_ACTIVE_ARCH = YES;
				SDKROOT = iphoneos;
				SWIFT_ACTIVE_COMPILATION_CONDITIONS = DEBUG;
				SWIFT_OPTIMIZATION_LEVEL = "-Onone";
			};
			name = Debug;
		};
		D81F292C22BF082000244514 /* Release */ = {
			isa = XCBuildConfiguration;
			buildSettings = {
				ALWAYS_SEARCH_USER_PATHS = NO;
				CLANG_ANALYZER_NONNULL = YES;
				CLANG_ANALYZER_NUMBER_OBJECT_CONVERSION = YES_AGGRESSIVE;
				CLANG_CXX_LANGUAGE_STANDARD = "gnu++14";
				CLANG_CXX_LIBRARY = "libc++";
				CLANG_ENABLE_MODULES = YES;
				CLANG_ENABLE_OBJC_ARC = YES;
				CLANG_ENABLE_OBJC_WEAK = YES;
				CLANG_WARN_BLOCK_CAPTURE_AUTORELEASING = YES;
				CLANG_WARN_BOOL_CONVERSION = YES;
				CLANG_WARN_COMMA = YES;
				CLANG_WARN_CONSTANT_CONVERSION = YES;
				CLANG_WARN_DEPRECATED_OBJC_IMPLEMENTATIONS = YES;
				CLANG_WARN_DIRECT_OBJC_ISA_USAGE = YES_ERROR;
				CLANG_WARN_DOCUMENTATION_COMMENTS = YES;
				CLANG_WARN_EMPTY_BODY = YES;
				CLANG_WARN_ENUM_CONVERSION = YES;
				CLANG_WARN_INFINITE_RECURSION = YES;
				CLANG_WARN_INT_CONVERSION = YES;
				CLANG_WARN_NON_LITERAL_NULL_CONVERSION = YES;
				CLANG_WARN_OBJC_IMPLICIT_RETAIN_SELF = YES;
				CLANG_WARN_OBJC_LITERAL_CONVERSION = YES;
				CLANG_WARN_OBJC_ROOT_CLASS = YES_ERROR;
				CLANG_WARN_RANGE_LOOP_ANALYSIS = YES;
				CLANG_WARN_STRICT_PROTOTYPES = YES;
				CLANG_WARN_SUSPICIOUS_MOVE = YES;
				CLANG_WARN_UNGUARDED_AVAILABILITY = YES_AGGRESSIVE;
				CLANG_WARN_UNREACHABLE_CODE = YES;
				CLANG_WARN__DUPLICATE_METHOD_MATCH = YES;
				CODE_SIGN_IDENTITY = "iPhone Developer";
				COPY_PHASE_STRIP = NO;
				DEBUG_INFORMATION_FORMAT = "dwarf-with-dsym";
				ENABLE_NS_ASSERTIONS = NO;
				ENABLE_STRICT_OBJC_MSGSEND = YES;
				GCC_C_LANGUAGE_STANDARD = gnu11;
				GCC_NO_COMMON_BLOCKS = YES;
				GCC_WARN_64_TO_32_BIT_CONVERSION = YES;
				GCC_WARN_ABOUT_RETURN_TYPE = YES_ERROR;
				GCC_WARN_UNDECLARED_SELECTOR = YES;
				GCC_WARN_UNINITIALIZED_AUTOS = YES_AGGRESSIVE;
				GCC_WARN_UNUSED_FUNCTION = YES;
				GCC_WARN_UNUSED_VARIABLE = YES;
				IPHONEOS_DEPLOYMENT_TARGET = 12.2;
				MTL_ENABLE_DEBUG_INFO = NO;
				MTL_FAST_MATH = YES;
				SDKROOT = iphoneos;
				SWIFT_COMPILATION_MODE = wholemodule;
				SWIFT_OPTIMIZATION_LEVEL = "-O";
				VALIDATE_PRODUCT = YES;
			};
			name = Release;
		};
		D81F292E22BF082000244514 /* Debug */ = {
			isa = XCBuildConfiguration;
			buildSettings = {
				ASSETCATALOG_COMPILER_APPICON_NAME = AppIcon;
				CODE_SIGN_STYLE = Automatic;
				DEVELOPMENT_TEAM = J26CUXMTM8;
				FRAMEWORK_SEARCH_PATHS = (
					"$(inherited)",
					"$(PROJECT_DIR)/Carthage/Build/iOS",
				);
				INFOPLIST_FILE = MyTasks/Info.plist;
				LD_RUNPATH_SEARCH_PATHS = (
					"$(inherited)",
					"@executable_path/Frameworks",
				);
				PRODUCT_BUNDLE_IDENTIFIER = com.obata.MyTasks;
				PRODUCT_NAME = "$(TARGET_NAME)";
				SWIFT_VERSION = 5.0;
				TARGETED_DEVICE_FAMILY = "1,2";
			};
			name = Debug;
		};
		D81F292F22BF082000244514 /* Release */ = {
			isa = XCBuildConfiguration;
			buildSettings = {
				ASSETCATALOG_COMPILER_APPICON_NAME = AppIcon;
				CODE_SIGN_STYLE = Automatic;
				DEVELOPMENT_TEAM = J26CUXMTM8;
				FRAMEWORK_SEARCH_PATHS = (
					"$(inherited)",
					"$(PROJECT_DIR)/Carthage/Build/iOS",
				);
				INFOPLIST_FILE = MyTasks/Info.plist;
				LD_RUNPATH_SEARCH_PATHS = (
					"$(inherited)",
					"@executable_path/Frameworks",
				);
				PRODUCT_BUNDLE_IDENTIFIER = com.obata.MyTasks;
				PRODUCT_NAME = "$(TARGET_NAME)";
				SWIFT_VERSION = 5.0;
				TARGETED_DEVICE_FAMILY = "1,2";
			};
			name = Release;
		};
		D81F293122BF082000244514 /* Debug */ = {
			isa = XCBuildConfiguration;
			buildSettings = {
				ALWAYS_EMBED_SWIFT_STANDARD_LIBRARIES = YES;
				BUNDLE_LOADER = "$(TEST_HOST)";
				CODE_SIGN_STYLE = Automatic;
				DEVELOPMENT_TEAM = J26CUXMTM8;
				FRAMEWORK_SEARCH_PATHS = (
					"$(inherited)",
					"$(PROJECT_DIR)/Carthage/Build/iOS",
				);
				INFOPLIST_FILE = MyTasksTests/Info.plist;
				LD_RUNPATH_SEARCH_PATHS = (
					"$(inherited)",
					"@executable_path/Frameworks",
					"@loader_path/Frameworks",
				);
				PRODUCT_BUNDLE_IDENTIFIER = com.obata.MyTasksTests;
				PRODUCT_NAME = "$(TARGET_NAME)";
				SWIFT_VERSION = 5.0;
				TARGETED_DEVICE_FAMILY = "1,2";
				TEST_HOST = "$(BUILT_PRODUCTS_DIR)/MyTasks.app/MyTasks";
			};
			name = Debug;
		};
		D81F293222BF082000244514 /* Release */ = {
			isa = XCBuildConfiguration;
			buildSettings = {
				ALWAYS_EMBED_SWIFT_STANDARD_LIBRARIES = YES;
				BUNDLE_LOADER = "$(TEST_HOST)";
				CODE_SIGN_STYLE = Automatic;
				DEVELOPMENT_TEAM = J26CUXMTM8;
				FRAMEWORK_SEARCH_PATHS = (
					"$(inherited)",
					"$(PROJECT_DIR)/Carthage/Build/iOS",
				);
				INFOPLIST_FILE = MyTasksTests/Info.plist;
				LD_RUNPATH_SEARCH_PATHS = (
					"$(inherited)",
					"@executable_path/Frameworks",
					"@loader_path/Frameworks",
				);
				PRODUCT_BUNDLE_IDENTIFIER = com.obata.MyTasksTests;
				PRODUCT_NAME = "$(TARGET_NAME)";
				SWIFT_VERSION = 5.0;
				TARGETED_DEVICE_FAMILY = "1,2";
				TEST_HOST = "$(BUILT_PRODUCTS_DIR)/MyTasks.app/MyTasks";
			};
			name = Release;
		};
/* End XCBuildConfiguration section */

/* Begin XCConfigurationList section */
		D81F290B22BF081F00244514 /* Build configuration list for PBXProject "MyTasks" */ = {
			isa = XCConfigurationList;
			buildConfigurations = (
				D81F292B22BF082000244514 /* Debug */,
				D81F292C22BF082000244514 /* Release */,
			);
			defaultConfigurationIsVisible = 0;
			defaultConfigurationName = Release;
		};
		D81F292D22BF082000244514 /* Build configuration list for PBXNativeTarget "MyTasks" */ = {
			isa = XCConfigurationList;
			buildConfigurations = (
				D81F292E22BF082000244514 /* Debug */,
				D81F292F22BF082000244514 /* Release */,
			);
			defaultConfigurationIsVisible = 0;
			defaultConfigurationName = Release;
		};
		D81F293022BF082000244514 /* Build configuration list for PBXNativeTarget "MyTasksTests" */ = {
			isa = XCConfigurationList;
			buildConfigurations = (
				D81F293122BF082000244514 /* Debug */,
				D81F293222BF082000244514 /* Release */,
			);
			defaultConfigurationIsVisible = 0;
			defaultConfigurationName = Release;
		};
/* End XCConfigurationList section */

/* Begin XCVersionGroup section */
		D8EED41522D9B1290037B997 /* MyTasks.xcdatamodeld */ = {
			isa = XCVersionGroup;
			children = (
				D8EED41622D9B1290037B997 /* task.xcdatamodel */,
			);
			currentVersion = D8EED41622D9B1290037B997 /* task.xcdatamodel */;
			path = MyTasks.xcdatamodeld;
			sourceTree = "<group>";
			versionGroupType = wrapper.xcdatamodel;
		};
/* End XCVersionGroup section */
	};
	rootObject = D81F290822BF081F00244514 /* Project object */;
}
